Microsoft Visual Studio Solution File, Format Version 10.00
# Visual Studio 2008

Project("{D9EB4D32-3351-DE55-A438-7AFB43B74BAB}") = "DominantSpecies", "DominantSpecies.csproj", "{BF201163-8183-5A86-62CC-4666E623D4D8}"
EndProject
Global
	GlobalSection(SolutionConfigurationPlatforms) = preSolution
		Debug|Any CPU = Debug|Any CPU
		Release|Any CPU = Release|Any CPU
	EndGlobalSection
	GlobalSection(ProjectConfigurationPlatforms) = postSolution
		{BF201163-8183-5A86-62CC-4666E623D4D8}.Debug|Any CPU.ActiveCfg = Debug|Any CPU
		{BF201163-8183-5A86-62CC-4666E623D4D8}.Debug|Any CPU.Build.0 = Debug|Any CPU
		{BF201163-8183-5A86-62CC-4666E623D4D8}.Release|Any CPU.ActiveCfg = Release|Any CPU
		{BF201163-8183-5A86-62CC-4666E623D4D8}.Release|Any CPU.Build.0 = Release|Any CPU
	EndGlobalSection
	GlobalSection(SolutionProperties) = preSolution
		HideSolutionNode = FALSE
	EndGlobalSection
																																																																																																																																																										GlobalSection(MonoDevelopProperties) = preSolution
		StartupItem = dominate.csproj
	EndGlobalSection

EndGlobal
