
Microsoft Visual Studio Solution File, Format Version 10.00
# Visual Studio 2008
Project("{FAE04EC0-301F-11D3-BF4B-00C04F79EFBC}") = "Engine", "src\Engine.csproj", "{21CC0DC3-4D90-48D1-9CFD-92C64FE6B8A1}"
EndProject
Project("{FAE04EC0-301F-11D3-BF4B-00C04F79EFBC}") = "Tests", "Tests\Tests.csproj", "{D412A42A-5952-4DE4-9FF3-EA831306B10E}"
EndProject
Global
	GlobalSection(SolutionConfigurationPlatforms) = preSolution
		Debug|Any CPU = Debug|Any CPU
		Release|Any CPU = Release|Any CPU
		Default|Any CPU = Default|Any CPU
	EndGlobalSection
	GlobalSection(ProjectConfigurationPlatforms) = postSolution
		{21CC0DC3-4D90-48D1-9CFD-92C64FE6B8A1}.Debug|Any CPU.ActiveCfg = Debug|Any CPU
		{21CC0DC3-4D90-48D1-9CFD-92C64FE6B8A1}.Debug|Any CPU.Build.0 = Debug|Any CPU
		{21CC0DC3-4D90-48D1-9CFD-92C64FE6B8A1}.Release|Any CPU.ActiveCfg = Release|Any CPU
		{21CC0DC3-4D90-48D1-9CFD-92C64FE6B8A1}.Release|Any CPU.Build.0 = Release|Any CPU
		{D412A42A-5952-4DE4-9FF3-EA831306B10E}.Debug|Any CPU.ActiveCfg = Debug|Any CPU
		{D412A42A-5952-4DE4-9FF3-EA831306B10E}.Debug|Any CPU.Build.0 = Debug|Any CPU
		{D412A42A-5952-4DE4-9FF3-EA831306B10E}.Default|Any CPU.ActiveCfg = Debug|Any CPU
		{D412A42A-5952-4DE4-9FF3-EA831306B10E}.Default|Any CPU.Build.0 = Debug|Any CPU
		{D412A42A-5952-4DE4-9FF3-EA831306B10E}.Release|Any CPU.ActiveCfg = Release|Any CPU
		{D412A42A-5952-4DE4-9FF3-EA831306B10E}.Release|Any CPU.Build.0 = Release|Any CPU
	EndGlobalSection
	GlobalSection(MonoDevelopProperties) = preSolution
		StartupItem = src\Engine.csproj
		Policies = $0
		$0.TextStylePolicy = $1
		$1.inheritsSet = null
		$1.scope = text/x-csharp
		$0.CSharpFormattingPolicy = $2
		$2.inheritsSet = Mono
		$2.inheritsScope = text/x-csharp
		$2.scope = text/x-csharp
		$0.TextStylePolicy = $3
		$3.FileWidth = 120
		$3.inheritsSet = VisualStudio
		$3.inheritsScope = text/plain
		$3.scope = text/plain
		$0.DotNetNamingPolicy = $4
		$4.DirectoryNamespaceAssociation = PrefixedHierarchical
		$4.ResourceNamePolicy = FileFormatDefault
	EndGlobalSection
	GlobalSection(SolutionProperties) = preSolution
		HideSolutionNode = FALSE
	EndGlobalSection
EndGlobal
