
Microsoft Visual Studio Solution File, Format Version 10.00
# Visual Studio 2008
Project("{FAE04EC0-301F-11D3-BF4B-00C04F79EFBC}") = "dominate", "dominate.csproj", "{4679D713-6F01-3962-7DD4-2666860BCB7F}"
EndProject
Project("{FAE04EC0-301F-11D3-BF4B-00C04F79EFBC}") = "Engine", "src\Engine.csproj", "{21CC0DC3-4D90-48D1-9CFD-92C64FE6B8A1}"
EndProject
Global
	GlobalSection(SolutionConfigurationPlatforms) = preSolution
		Debug|Any CPU = Debug|Any CPU
		Release|Any CPU = Release|Any CPU
	EndGlobalSection
	GlobalSection(ProjectConfigurationPlatforms) = postSolution
		{21CC0DC3-4D90-48D1-9CFD-92C64FE6B8A1}.Debug|Any CPU.ActiveCfg = Debug|Any CPU
		{21CC0DC3-4D90-48D1-9CFD-92C64FE6B8A1}.Debug|Any CPU.Build.0 = Debug|Any CPU
		{21CC0DC3-4D90-48D1-9CFD-92C64FE6B8A1}.Release|Any CPU.ActiveCfg = Release|Any CPU
		{21CC0DC3-4D90-48D1-9CFD-92C64FE6B8A1}.Release|Any CPU.Build.0 = Release|Any CPU
		{4679D713-6F01-3962-7DD4-2666860BCB7F}.Debug|Any CPU.ActiveCfg = Debug|Any CPU
		{4679D713-6F01-3962-7DD4-2666860BCB7F}.Debug|Any CPU.Build.0 = Debug|Any CPU
		{4679D713-6F01-3962-7DD4-2666860BCB7F}.Release|Any CPU.ActiveCfg = Release|Any CPU
		{4679D713-6F01-3962-7DD4-2666860BCB7F}.Release|Any CPU.Build.0 = Release|Any CPU
	EndGlobalSection
	GlobalSection(MonoDevelopProperties) = preSolution
		StartupItem = dominate.csproj
	EndGlobalSection
EndGlobal
